
Microsoft Visual Studio Solution File, Format Version 12.00
# Visual Studio Version 16
VisualStudioVersion = 16.0.31205.134
MinimumVisualStudioVersion = 10.0.40219.1
Project("{9A19103F-16F7-4668-BE54-9A1E7A4F7556}") = "ABCapproche2", "ABCapproche2.csproj", "{75C062D0-35DF-45DF-9078-2229B94C0CE5}"
EndProject
Global
	GlobalSection(SolutionConfigurationPlatforms) = preSolution
		Debug|Any CPU = Debug|Any CPU
		Release|Any CPU = Release|Any CPU
	EndGlobalSection
	GlobalSection(ProjectConfigurationPlatforms) = postSolution
		{75C062D0-35DF-45DF-9078-2229B94C0CE5}.Debug|Any CPU.ActiveCfg = Debug|Any CPU
		{75C062D0-35DF-45DF-9078-2229B94C0CE5}.Debug|Any CPU.Build.0 = Debug|Any CPU
		{75C062D0-35DF-45DF-9078-2229B94C0CE5}.Release|Any CPU.ActiveCfg = Release|Any CPU
		{75C062D0-35DF-45DF-9078-2229B94C0CE5}.Release|Any CPU.Build.0 = Release|Any CPU
	EndGlobalSection
	GlobalSection(SolutionProperties) = preSolution
		HideSolutionNode = FALSE
	EndGlobalSection
	GlobalSection(ExtensibilityGlobals) = postSolution
		SolutionGuid = {68B42B63-C3AA-4D2C-BA8E-5E938B58A8E2}
	EndGlobalSection
EndGlobal
